
Microsoft Visual Studio Solution File, Format Version 12.00
# Visual Studio Version 16
VisualStudioVersion = 16.0.30804.86
MinimumVisualStudioVersion = 10.0.40219.1
Project("{FAE04EC0-301F-11D3-BF4B-00C04F79EFBC}") = "CleanCodeOchTestbarKod-Labb4", "CleanCodeOchTestbarKod-Labb4\CleanCodeOchTestbarKod-Labb4.csproj", "{298CB60E-6086-44FA-8A4D-ABBF92A5FCB1}"
EndProject
Global
	GlobalSection(SolutionConfigurationPlatforms) = preSolution
		Debug|Any CPU = Debug|Any CPU
		Release|Any CPU = Release|Any CPU
	EndGlobalSection
	GlobalSection(ProjectConfigurationPlatforms) = postSolution
		{298CB60E-6086-44FA-8A4D-ABBF92A5FCB1}.Debug|Any CPU.ActiveCfg = Debug|Any CPU
		{298CB60E-6086-44FA-8A4D-ABBF92A5FCB1}.Debug|Any CPU.Build.0 = Debug|Any CPU
		{298CB60E-6086-44FA-8A4D-ABBF92A5FCB1}.Release|Any CPU.ActiveCfg = Release|Any CPU
		{298CB60E-6086-44FA-8A4D-ABBF92A5FCB1}.Release|Any CPU.Build.0 = Release|Any CPU
	EndGlobalSection
	GlobalSection(SolutionProperties) = preSolution
		HideSolutionNode = FALSE
	EndGlobalSection
	GlobalSection(ExtensibilityGlobals) = postSolution
		SolutionGuid = {240B6FCC-DA4F-4F0B-B30C-7FC4CEA66E06}
	EndGlobalSection
EndGlobal
