
Microsoft Visual Studio Solution File, Format Version 12.00
# Visual Studio Version 16
VisualStudioVersion = 16.0.30804.86
MinimumVisualStudioVersion = 10.0.40219.1
Project("{9A19103F-16F7-4668-BE54-9A1E7A4F7556}") = "CleanCodeOchTestbarKod-Labb4", "CleanCodeOchTestbarKod-Labb4\CleanCodeOchTestbarKod-Labb4.csproj", "{298CB60E-6086-44FA-8A4D-ABBF92A5FCB1}"
EndProject
Project("{9A19103F-16F7-4668-BE54-9A1E7A4F7556}") = "CalculatorAPI", "CalculatorAPI\CalculatorAPI.csproj", "{FDE11710-164B-402C-BC0F-B139E11B250C}"
EndProject
Project("{9A19103F-16F7-4668-BE54-9A1E7A4F7556}") = "CalculatorAPITests", "CalculatorAPITests\CalculatorAPITests.csproj", "{AD1AFF9F-BAAC-4906-AA08-7FEBD2DFD11D}"
EndProject
Project("{9A19103F-16F7-4668-BE54-9A1E7A4F7556}") = "MagicTheVotingAPI", "MagicTheVotingAPI\MagicTheVotingAPI.csproj", "{EA834AC6-A171-48F3-A530-1851FC01EDBA}"
EndProject
Project("{E53339B2-1760-4266-BCC7-CA923CBCF16C}") = "docker-compose", "docker-compose.dcproj", "{0047B26A-3039-4895-99D1-5A86EBD984D2}"
EndProject
Project("{9A19103F-16F7-4668-BE54-9A1E7A4F7556}") = "CleanCodeOchTestbarKod-Labb4Tests", "CleanCodeOchTestbarKod-Labb4Tests\CleanCodeOchTestbarKod-Labb4Tests.csproj", "{60E0DBA3-28EA-4870-848C-7614508CEB40}"
EndProject
Project("{9A19103F-16F7-4668-BE54-9A1E7A4F7556}") = "MagicTheQuotesAPI", "MagicTheQuotesAPI\MagicTheQuotesAPI.csproj", "{1846B93C-7128-4D15-ACC8-8F1E5D6B4455}"
EndProject
Project("{FAE04EC0-301F-11D3-BF4B-00C04F79EFBC}") = "MagicTheVotingAPITests", "MagicTheVotingAPITests\MagicTheVotingAPITests.csproj", "{DEE0B01C-DDED-436F-A243-EC57273AB472}"
EndProject
Global
	GlobalSection(SolutionConfigurationPlatforms) = preSolution
		Debug|Any CPU = Debug|Any CPU
		Release|Any CPU = Release|Any CPU
	EndGlobalSection
	GlobalSection(ProjectConfigurationPlatforms) = postSolution
		{298CB60E-6086-44FA-8A4D-ABBF92A5FCB1}.Debug|Any CPU.ActiveCfg = Debug|Any CPU
		{298CB60E-6086-44FA-8A4D-ABBF92A5FCB1}.Debug|Any CPU.Build.0 = Debug|Any CPU
		{298CB60E-6086-44FA-8A4D-ABBF92A5FCB1}.Release|Any CPU.ActiveCfg = Release|Any CPU
		{298CB60E-6086-44FA-8A4D-ABBF92A5FCB1}.Release|Any CPU.Build.0 = Release|Any CPU
		{FDE11710-164B-402C-BC0F-B139E11B250C}.Debug|Any CPU.ActiveCfg = Debug|Any CPU
		{FDE11710-164B-402C-BC0F-B139E11B250C}.Debug|Any CPU.Build.0 = Debug|Any CPU
		{FDE11710-164B-402C-BC0F-B139E11B250C}.Release|Any CPU.ActiveCfg = Release|Any CPU
		{FDE11710-164B-402C-BC0F-B139E11B250C}.Release|Any CPU.Build.0 = Release|Any CPU
		{AD1AFF9F-BAAC-4906-AA08-7FEBD2DFD11D}.Debug|Any CPU.ActiveCfg = Debug|Any CPU
		{AD1AFF9F-BAAC-4906-AA08-7FEBD2DFD11D}.Debug|Any CPU.Build.0 = Debug|Any CPU
		{AD1AFF9F-BAAC-4906-AA08-7FEBD2DFD11D}.Release|Any CPU.ActiveCfg = Release|Any CPU
		{AD1AFF9F-BAAC-4906-AA08-7FEBD2DFD11D}.Release|Any CPU.Build.0 = Release|Any CPU
		{EA834AC6-A171-48F3-A530-1851FC01EDBA}.Debug|Any CPU.ActiveCfg = Debug|Any CPU
		{EA834AC6-A171-48F3-A530-1851FC01EDBA}.Debug|Any CPU.Build.0 = Debug|Any CPU
		{EA834AC6-A171-48F3-A530-1851FC01EDBA}.Release|Any CPU.ActiveCfg = Release|Any CPU
		{EA834AC6-A171-48F3-A530-1851FC01EDBA}.Release|Any CPU.Build.0 = Release|Any CPU
		{0047B26A-3039-4895-99D1-5A86EBD984D2}.Debug|Any CPU.ActiveCfg = Debug|Any CPU
		{0047B26A-3039-4895-99D1-5A86EBD984D2}.Debug|Any CPU.Build.0 = Debug|Any CPU
		{0047B26A-3039-4895-99D1-5A86EBD984D2}.Release|Any CPU.ActiveCfg = Release|Any CPU
		{0047B26A-3039-4895-99D1-5A86EBD984D2}.Release|Any CPU.Build.0 = Release|Any CPU
		{60E0DBA3-28EA-4870-848C-7614508CEB40}.Debug|Any CPU.ActiveCfg = Debug|Any CPU
		{60E0DBA3-28EA-4870-848C-7614508CEB40}.Debug|Any CPU.Build.0 = Debug|Any CPU
		{60E0DBA3-28EA-4870-848C-7614508CEB40}.Release|Any CPU.ActiveCfg = Release|Any CPU
		{60E0DBA3-28EA-4870-848C-7614508CEB40}.Release|Any CPU.Build.0 = Release|Any CPU
		{1846B93C-7128-4D15-ACC8-8F1E5D6B4455}.Debug|Any CPU.ActiveCfg = Debug|Any CPU
		{1846B93C-7128-4D15-ACC8-8F1E5D6B4455}.Debug|Any CPU.Build.0 = Debug|Any CPU
		{1846B93C-7128-4D15-ACC8-8F1E5D6B4455}.Release|Any CPU.ActiveCfg = Release|Any CPU
		{1846B93C-7128-4D15-ACC8-8F1E5D6B4455}.Release|Any CPU.Build.0 = Release|Any CPU
		{DEE0B01C-DDED-436F-A243-EC57273AB472}.Debug|Any CPU.ActiveCfg = Debug|Any CPU
		{DEE0B01C-DDED-436F-A243-EC57273AB472}.Debug|Any CPU.Build.0 = Debug|Any CPU
		{DEE0B01C-DDED-436F-A243-EC57273AB472}.Release|Any CPU.ActiveCfg = Release|Any CPU
		{DEE0B01C-DDED-436F-A243-EC57273AB472}.Release|Any CPU.Build.0 = Release|Any CPU
	EndGlobalSection
	GlobalSection(SolutionProperties) = preSolution
		HideSolutionNode = FALSE
	EndGlobalSection
	GlobalSection(ExtensibilityGlobals) = postSolution
		SolutionGuid = {240B6FCC-DA4F-4F0B-B30C-7FC4CEA66E06}
	EndGlobalSection
EndGlobal
